
Microsoft Visual Studio Solution File, Format Version 12.00
# Visual Studio 2012
Project("{FAE04EC0-301F-11D3-BF4B-00C04F79EFBC}") = "StoreCardBuddy.WindowsPhone7", "StoreCardBuddy.WindowsPhone7\StoreCardBuddy.WindowsPhone7.csproj", "{BA2B9DBE-6524-48F2-AA34-0391F746EB2D}"
EndProject
Project("{FAE04EC0-301F-11D3-BF4B-00C04F79EFBC}") = "StoreCardBuddy.WindowsPhone8", "StoreCardBuddy.WindowsPhone8\StoreCardBuddy.WindowsPhone8.csproj", "{E995CB55-807B-4CEC-91E4-5D471F7F087D}"
EndProject
Project("{FAE04EC0-301F-11D3-BF4B-00C04F79EFBC}") = "StoreCardBuddy.WindowsRT", "StoreCardBuddy.WindowsRT\StoreCardBuddy.WindowsRT.csproj", "{8854D413-E513-47EC-A206-00140EDCD881}"
EndProject
Project("{FAE04EC0-301F-11D3-BF4B-00C04F79EFBC}") = "LiveSDKHelper", "..\..\LiveSDKHelper\LiveSDKHelper\LiveSDKHelper.csproj", "{5093B1BE-55B4-4639-9DBF-D7264A9B8324}"
EndProject
Global
	GlobalSection(SolutionConfigurationPlatforms) = preSolution
		Debug|Any CPU = Debug|Any CPU
		Debug|ARM = Debug|ARM
		Debug|x64 = Debug|x64
		Debug|x86 = Debug|x86
		Release|Any CPU = Release|Any CPU
		Release|ARM = Release|ARM
		Release|x64 = Release|x64
		Release|x86 = Release|x86
	EndGlobalSection
	GlobalSection(ProjectConfigurationPlatforms) = postSolution
		{BA2B9DBE-6524-48F2-AA34-0391F746EB2D}.Debug|Any CPU.ActiveCfg = Debug|Any CPU
		{BA2B9DBE-6524-48F2-AA34-0391F746EB2D}.Debug|Any CPU.Build.0 = Debug|Any CPU
		{BA2B9DBE-6524-48F2-AA34-0391F746EB2D}.Debug|Any CPU.Deploy.0 = Debug|Any CPU
		{BA2B9DBE-6524-48F2-AA34-0391F746EB2D}.Debug|ARM.ActiveCfg = Debug|Any CPU
		{BA2B9DBE-6524-48F2-AA34-0391F746EB2D}.Debug|x64.ActiveCfg = Debug|Any CPU
		{BA2B9DBE-6524-48F2-AA34-0391F746EB2D}.Debug|x86.ActiveCfg = Debug|Any CPU
		{BA2B9DBE-6524-48F2-AA34-0391F746EB2D}.Release|Any CPU.ActiveCfg = Release|Any CPU
		{BA2B9DBE-6524-48F2-AA34-0391F746EB2D}.Release|Any CPU.Build.0 = Release|Any CPU
		{BA2B9DBE-6524-48F2-AA34-0391F746EB2D}.Release|Any CPU.Deploy.0 = Release|Any CPU
		{BA2B9DBE-6524-48F2-AA34-0391F746EB2D}.Release|ARM.ActiveCfg = Release|Any CPU
		{BA2B9DBE-6524-48F2-AA34-0391F746EB2D}.Release|x64.ActiveCfg = Release|Any CPU
		{BA2B9DBE-6524-48F2-AA34-0391F746EB2D}.Release|x86.ActiveCfg = Release|Any CPU
		{E995CB55-807B-4CEC-91E4-5D471F7F087D}.Debug|Any CPU.ActiveCfg = Debug|Any CPU
		{E995CB55-807B-4CEC-91E4-5D471F7F087D}.Debug|Any CPU.Build.0 = Debug|Any CPU
		{E995CB55-807B-4CEC-91E4-5D471F7F087D}.Debug|Any CPU.Deploy.0 = Debug|Any CPU
		{E995CB55-807B-4CEC-91E4-5D471F7F087D}.Debug|ARM.ActiveCfg = Debug|ARM
		{E995CB55-807B-4CEC-91E4-5D471F7F087D}.Debug|ARM.Build.0 = Debug|ARM
		{E995CB55-807B-4CEC-91E4-5D471F7F087D}.Debug|ARM.Deploy.0 = Debug|ARM
		{E995CB55-807B-4CEC-91E4-5D471F7F087D}.Debug|x64.ActiveCfg = Debug|Any CPU
		{E995CB55-807B-4CEC-91E4-5D471F7F087D}.Debug|x86.ActiveCfg = Debug|x86
		{E995CB55-807B-4CEC-91E4-5D471F7F087D}.Debug|x86.Build.0 = Debug|x86
		{E995CB55-807B-4CEC-91E4-5D471F7F087D}.Debug|x86.Deploy.0 = Debug|x86
		{E995CB55-807B-4CEC-91E4-5D471F7F087D}.Release|Any CPU.ActiveCfg = Release|Any CPU
		{E995CB55-807B-4CEC-91E4-5D471F7F087D}.Release|Any CPU.Build.0 = Release|Any CPU
		{E995CB55-807B-4CEC-91E4-5D471F7F087D}.Release|Any CPU.Deploy.0 = Release|Any CPU
		{E995CB55-807B-4CEC-91E4-5D471F7F087D}.Release|ARM.ActiveCfg = Release|ARM
		{E995CB55-807B-4CEC-91E4-5D471F7F087D}.Release|ARM.Build.0 = Release|ARM
		{E995CB55-807B-4CEC-91E4-5D471F7F087D}.Release|ARM.Deploy.0 = Release|ARM
		{E995CB55-807B-4CEC-91E4-5D471F7F087D}.Release|x64.ActiveCfg = Release|Any CPU
		{E995CB55-807B-4CEC-91E4-5D471F7F087D}.Release|x86.ActiveCfg = Release|x86
		{E995CB55-807B-4CEC-91E4-5D471F7F087D}.Release|x86.Build.0 = Release|x86
		{E995CB55-807B-4CEC-91E4-5D471F7F087D}.Release|x86.Deploy.0 = Release|x86
		{8854D413-E513-47EC-A206-00140EDCD881}.Debug|Any CPU.ActiveCfg = Debug|Any CPU
		{8854D413-E513-47EC-A206-00140EDCD881}.Debug|Any CPU.Build.0 = Debug|Any CPU
		{8854D413-E513-47EC-A206-00140EDCD881}.Debug|Any CPU.Deploy.0 = Debug|Any CPU
		{8854D413-E513-47EC-A206-00140EDCD881}.Debug|ARM.ActiveCfg = Debug|ARM
		{8854D413-E513-47EC-A206-00140EDCD881}.Debug|ARM.Build.0 = Debug|ARM
		{8854D413-E513-47EC-A206-00140EDCD881}.Debug|ARM.Deploy.0 = Debug|ARM
		{8854D413-E513-47EC-A206-00140EDCD881}.Debug|x64.ActiveCfg = Debug|x64
		{8854D413-E513-47EC-A206-00140EDCD881}.Debug|x64.Build.0 = Debug|x64
		{8854D413-E513-47EC-A206-00140EDCD881}.Debug|x64.Deploy.0 = Debug|x64
		{8854D413-E513-47EC-A206-00140EDCD881}.Debug|x86.ActiveCfg = Debug|x86
		{8854D413-E513-47EC-A206-00140EDCD881}.Debug|x86.Build.0 = Debug|x86
		{8854D413-E513-47EC-A206-00140EDCD881}.Debug|x86.Deploy.0 = Debug|x86
		{8854D413-E513-47EC-A206-00140EDCD881}.Release|Any CPU.ActiveCfg = Release|Any CPU
		{8854D413-E513-47EC-A206-00140EDCD881}.Release|Any CPU.Build.0 = Release|Any CPU
		{8854D413-E513-47EC-A206-00140EDCD881}.Release|Any CPU.Deploy.0 = Release|Any CPU
		{8854D413-E513-47EC-A206-00140EDCD881}.Release|ARM.ActiveCfg = Release|ARM
		{8854D413-E513-47EC-A206-00140EDCD881}.Release|ARM.Build.0 = Release|ARM
		{8854D413-E513-47EC-A206-00140EDCD881}.Release|ARM.Deploy.0 = Release|ARM
		{8854D413-E513-47EC-A206-00140EDCD881}.Release|x64.ActiveCfg = Release|x64
		{8854D413-E513-47EC-A206-00140EDCD881}.Release|x64.Build.0 = Release|x64
		{8854D413-E513-47EC-A206-00140EDCD881}.Release|x64.Deploy.0 = Release|x64
		{8854D413-E513-47EC-A206-00140EDCD881}.Release|x86.ActiveCfg = Release|x86
		{8854D413-E513-47EC-A206-00140EDCD881}.Release|x86.Build.0 = Release|x86
		{8854D413-E513-47EC-A206-00140EDCD881}.Release|x86.Deploy.0 = Release|x86
		{5093B1BE-55B4-4639-9DBF-D7264A9B8324}.Debug|Any CPU.ActiveCfg = Debug|Any CPU
		{5093B1BE-55B4-4639-9DBF-D7264A9B8324}.Debug|Any CPU.Build.0 = Debug|Any CPU
		{5093B1BE-55B4-4639-9DBF-D7264A9B8324}.Debug|ARM.ActiveCfg = Debug|Any CPU
		{5093B1BE-55B4-4639-9DBF-D7264A9B8324}.Debug|x64.ActiveCfg = Debug|Any CPU
		{5093B1BE-55B4-4639-9DBF-D7264A9B8324}.Debug|x86.ActiveCfg = Debug|Any CPU
		{5093B1BE-55B4-4639-9DBF-D7264A9B8324}.Release|Any CPU.ActiveCfg = Release|Any CPU
		{5093B1BE-55B4-4639-9DBF-D7264A9B8324}.Release|Any CPU.Build.0 = Release|Any CPU
		{5093B1BE-55B4-4639-9DBF-D7264A9B8324}.Release|ARM.ActiveCfg = Release|Any CPU
		{5093B1BE-55B4-4639-9DBF-D7264A9B8324}.Release|x64.ActiveCfg = Release|Any CPU
		{5093B1BE-55B4-4639-9DBF-D7264A9B8324}.Release|x86.ActiveCfg = Release|Any CPU
	EndGlobalSection
	GlobalSection(SolutionProperties) = preSolution
		HideSolutionNode = FALSE
	EndGlobalSection
EndGlobal
